
Microsoft Visual Studio Solution File, Format Version 12.00
# Visual Studio Version 17
VisualStudioVersion = 17.5.002.0
MinimumVisualStudioVersion = 10.0.40219.1
Project("{9A19103F-16F7-4668-BE54-9A1E7A4F7556}") = "ElRinconDeLaCopa", "ElRinconDeLaCopa.csproj", "{78CF65ED-C842-4438-AB79-9988BB13019A}"
EndProject
Global
	GlobalSection(SolutionConfigurationPlatforms) = preSolution
		Debug|Any CPU = Debug|Any CPU
		Release|Any CPU = Release|Any CPU
	EndGlobalSection
	GlobalSection(ProjectConfigurationPlatforms) = postSolution

		{78CF65ED-C842-4438-AB79-9988BB13019A}.Debug|Any CPU.ActiveCfg = Debug|Any CPU
		{78CF65ED-C842-4438-AB79-9988BB13019A}.Debug|Any CPU.Build.0 = Debug|Any CPU
		{78CF65ED-C842-4438-AB79-9988BB13019A}.Release|Any CPU.ActiveCfg = Release|Any CPU
		{78CF65ED-C842-4438-AB79-9988BB13019A}.Release|Any CPU.Build.0 = Release|Any CPU
	EndGlobalSection
	GlobalSection(SolutionProperties) = preSolution
		HideSolutionNode = FALSE
	EndGlobalSection
	GlobalSection(ExtensibilityGlobals) = postSolution
		SolutionGuid = {4AB9873D-B708-4B58-93E7-EA3970A986A8}
	EndGlobalSection
EndGlobal
